PODS:
  - FLAnimatedImage (1.0.0)
  - GPUImage (0.1.4)
  - MagicalRecord (2.2):
    - MagicalRecord/Core
  - MagicalRecord/Core (2.2)
  - MBProgressHUD (0.9)
  - UIColor+Hex (1.0.1):
    - UIColor+Hex/NSColor
    - UIColor+Hex/UIColor
  - UIColor+Hex/UIColor (1.0.1)
  - UIImage+Additions (1.1.0)
  - UIImage+animatedGif (0.1.0)
  - UIView+Positioning (1.0.1)

DEPENDENCIES:
  - FLAnimatedImage (from `https://github.com/caughtinflux/FLAnimatedImage`, branch `DisappearOnTapFix`)
  - GPUImage (~> 0.1)
  - MagicalRecord (~> 2.2)
  - MBProgressHUD (~> 0.9)
  - UIColor+Hex (~> 1.0)
  - UIImage+Additions (~> 1.1)
  - UIImage+animatedGif (~> 0.1)
  - UIView+Positioning (~> 1.0)

EXTERNAL SOURCES:
  FLAnimatedImage:
    :branch: DisappearOnTapFix
    :git: https://github.com/caughtinflux/FLAnimatedImage

SPEC CHECKSUMS:
  FLAnimatedImage: e2853e19cc0364065379ef81bade08f0bd7b3859
  GPUImage: ac2bde5f4dbea02a81ced6313964cec1f2043ca9
  MagicalRecord: 2b471584fc9e3137f3d0a56967917baa4979e224
  MBProgressHUD: 2038dbcf3dce73215abed6001657043d53aa79a8
  UIColor+Hex: ac7e1ae4eeea4f522fe3f6eda35de4af69244432
  UIImage+Additions: 66ee88773215955a2703ea31b790fdf3438303d9
  UIImage+animatedGif: dfdff756b010648ee461663c0120c5b2581fc809
  UIView+Positioning: 870af80983bf495af2cb8a3a15b20e26fcc57ebb

COCOAPODS: 0.33.1
