// !$*UTF8*$!
{
	archiveVersion = 1;
	classes = {
	};
	objectVersion = 46;
	objects = {

/* Begin PBXBuildFile section */
		3201656C19D225CE00B3ECB1 /* Accessories.xcassets in Resources */ = {isa = PBXBuildFile; fileRef = 3201656B19D225CE00B3ECB1 /* Accessories.xcassets */; };
		3218C80E19C7691C0035B7BA /* MEOverlayCell.m in Sources */ = {isa = PBXBuildFile; fileRef = 3218C80D19C7691C0035B7BA /* MEOverlayCell.m */; };
		3226033719D1F4F00082625F /* MEOverlayImage.m in Sources */ = {isa = PBXBuildFile; fileRef = 3226033619D1F4F00082625F /* MEOverlayImage.m */; };
		325C434C19CA7F8400C93DCC /* CEMovieMaker.m in Sources */ = {isa = PBXBuildFile; fileRef = 325C434B19CA7F8400C93DCC /* CEMovieMaker.m */; };
		325C9CA819D61E4B00E426E9 /* MEViewFinder.m in Sources */ = {isa = PBXBuildFile; fileRef = 325C9CA719D61E4B00E426E9 /* MEViewFinder.m */; };
		327A02241987542200DF27BC /* MEMEmojiCell.m in Sources */ = {isa = PBXBuildFile; fileRef = 327A02231987542200DF27BC /* MEMEmojiCell.m */; };
		328F63A219D5220F0010CF1C /* MESectionsManager.m in Sources */ = {isa = PBXBuildFile; fileRef = 328F63A119D5220F0010CF1C /* MESectionsManager.m */; };
		328F63A519D5333F0010CF1C /* MECaptureButton.m in Sources */ = {isa = PBXBuildFile; fileRef = 328F63A419D5333F0010CF1C /* MECaptureButton.m */; };
		328F63A819D561CD0010CF1C /* MEShareView.m in Sources */ = {isa = PBXBuildFile; fileRef = 328F63A719D561CD0010CF1C /* MEShareView.m */; };
		329B189A19D4E526002B42BF /* MESectionHeaderView.m in Sources */ = {isa = PBXBuildFile; fileRef = 329B189919D4E526002B42BF /* MESectionHeaderView.m */; };
		32A9384B199BE59E00125DA8 /* MEModel.m in Sources */ = {isa = PBXBuildFile; fileRef = 32A9384A199BE59E00125DA8 /* MEModel.m */; };
		32DD888619870B44008E8BCE /* Foundation.framework in Frameworks */ = {isa = PBXBuildFile; fileRef = 32DD888519870B44008E8BCE /* Foundation.framework */; };
		32DD888819870B44008E8BCE /* CoreGraphics.framework in Frameworks */ = {isa = PBXBuildFile; fileRef = 32DD888719870B44008E8BCE /* CoreGraphics.framework */; };
		32DD888A19870B44008E8BCE /* UIKit.framework in Frameworks */ = {isa = PBXBuildFile; fileRef = 32DD888919870B44008E8BCE /* UIKit.framework */; };
		32DD889019870B44008E8BCE /* InfoPlist.strings in Resources */ = {isa = PBXBuildFile; fileRef = 32DD888E19870B44008E8BCE /* InfoPlist.strings */; };
		32DD889219870B44008E8BCE /* main.m in Sources */ = {isa = PBXBuildFile; fileRef = 32DD889119870B44008E8BCE /* main.m */; };
		32DD889619870B44008E8BCE /* MEAppDelegate.m in Sources */ = {isa = PBXBuildFile; fileRef = 32DD889519870B44008E8BCE /* MEAppDelegate.m */; };
		32DD889919870B44008E8BCE /* Main_iPhone.storyboard in Resources */ = {isa = PBXBuildFile; fileRef = 32DD889719870B44008E8BCE /* Main_iPhone.storyboard */; };
		32DD889F19870B44008E8BCE /* MEViewController.m in Sources */ = {isa = PBXBuildFile; fileRef = 32DD889E19870B44008E8BCE /* MEViewController.m */; };
		32DD88A119870B44008E8BCE /* Images.xcassets in Resources */ = {isa = PBXBuildFile; fileRef = 32DD88A019870B44008E8BCE /* Images.xcassets */; };
		32DD88A819870B44008E8BCE /* XCTest.framework in Frameworks */ = {isa = PBXBuildFile; fileRef = 32DD88A719870B44008E8BCE /* XCTest.framework */; };
		32DD88A919870B44008E8BCE /* Foundation.framework in Frameworks */ = {isa = PBXBuildFile; fileRef = 32DD888519870B44008E8BCE /* Foundation.framework */; };
		32DD88AA19870B44008E8BCE /* UIKit.framework in Frameworks */ = {isa = PBXBuildFile; fileRef = 32DD888919870B44008E8BCE /* UIKit.framework */; };
		32DD88B219870B44008E8BCE /* InfoPlist.strings in Resources */ = {isa = PBXBuildFile; fileRef = 32DD88B019870B44008E8BCE /* InfoPlist.strings */; };
		32DD88B419870B44008E8BCE /* MEmojiTests.m in Sources */ = {isa = PBXBuildFile; fileRef = 32DD88B319870B44008E8BCE /* MEmojiTests.m */; };
		32EFAB9D19DCE5AC00D0051F /* Launch Screen.xib in Resources */ = {isa = PBXBuildFile; fileRef = 32EFAB9C19DCE5AC00D0051F /* Launch Screen.xib */; };
		32F7526519874FEA00045AFA /* Model.xcdatamodeld in Sources */ = {isa = PBXBuildFile; fileRef = 32F7526319874FEA00045AFA /* Model.xcdatamodeld */; };
		32F752681987513000045AFA /* Image.m in Sources */ = {isa = PBXBuildFile; fileRef = 32F752671987513000045AFA /* Image.m */; };
		B70966644BFC49138AC4B007 /* libPods-MEmoji.a in Frameworks */ = {isa = PBXBuildFile; fileRef = BA0BFE5DBE1C4B67A21DB372 /* libPods-MEmoji.a */; };
/* End PBXBuildFile section */

/* Begin PBXContainerItemProxy section */
		32DD88AB19870B44008E8BCE /* PBXContainerItemProxy */ = {
			isa = PBXContainerItemProxy;
			containerPortal = 32DD887A19870B44008E8BCE /* Project object */;
			proxyType = 1;
			remoteGlobalIDString = 32DD888119870B44008E8BCE;
			remoteInfo = MEmoji;
		};
/* End PBXContainerItemProxy section */

/* Begin PBXFileReference section */
		3201656B19D225CE00B3ECB1 /* Accessories.xcassets */ = {isa = PBXFileReference; lastKnownFileType = folder.assetcatalog; path = Accessories.xcassets; sourceTree = "<group>"; };
		3216CABD19BD61B7007F3D46 /* Model 4.xcdatamodel */ = {isa = PBXFileReference; lastKnownFileType = wrapper.xcdatamodel; path = "Model 4.xcdatamodel"; sourceTree = "<group>"; };
		3218C80B19C757BD0035B7BA /* Model 5.xcdatamodel */ = {isa = PBXFileReference; lastKnownFileType = wrapper.xcdatamodel; path = "Model 5.xcdatamodel"; sourceTree = "<group>"; };
		3218C80C19C7691C0035B7BA /* MEOverlayCell.h */ = {isa = PBXFileReference; fileEncoding = 4; lastKnownFileType = sourcecode.c.h; path = MEOverlayCell.h; sourceTree = "<group>"; };
		3218C80D19C7691C0035B7BA /* MEOverlayCell.m */ = {isa = PBXFileReference; fileEncoding = 4; lastKnownFileType = sourcecode.c.objc; path = MEOverlayCell.m; sourceTree = "<group>"; };
		3226033519D1F4F00082625F /* MEOverlayImage.h */ = {isa = PBXFileReference; fileEncoding = 4; lastKnownFileType = sourcecode.c.h; path = MEOverlayImage.h; sourceTree = "<group>"; };
		3226033619D1F4F00082625F /* MEOverlayImage.m */ = {isa = PBXFileReference; fileEncoding = 4; lastKnownFileType = sourcecode.c.objc; path = MEOverlayImage.m; sourceTree = "<group>"; };
		324211C519B7E43800F0B74E /* ImageIO.framework */ = {isa = PBXFileReference; lastKnownFileType = wrapper.framework; name = ImageIO.framework; path = System/Library/Frameworks/ImageIO.framework; sourceTree = SDKROOT; };
		325C434A19CA7F8400C93DCC /* CEMovieMaker.h */ = {isa = PBXFileReference; fileEncoding = 4; lastKnownFileType = sourcecode.c.h; path = CEMovieMaker.h; sourceTree = "<group>"; };
		325C434B19CA7F8400C93DCC /* CEMovieMaker.m */ = {isa = PBXFileReference; fileEncoding = 4; lastKnownFileType = sourcecode.c.objc; path = CEMovieMaker.m; sourceTree = "<group>"; };
		325C9CA619D61E4B00E426E9 /* MEViewFinder.h */ = {isa = PBXFileReference; fileEncoding = 4; lastKnownFileType = sourcecode.c.h; path = MEViewFinder.h; sourceTree = "<group>"; };
		325C9CA719D61E4B00E426E9 /* MEViewFinder.m */ = {isa = PBXFileReference; fileEncoding = 4; lastKnownFileType = sourcecode.c.objc; path = MEViewFinder.m; sourceTree = "<group>"; };
		3278916219BA6D9B0050F57C /* Model 3.xcdatamodel */ = {isa = PBXFileReference; lastKnownFileType = wrapper.xcdatamodel; path = "Model 3.xcdatamodel"; sourceTree = "<group>"; };
		327A02221987542200DF27BC /* MEMEmojiCell.h */ = {isa = PBXFileReference; fileEncoding = 4; lastKnownFileType = sourcecode.c.h; path = MEMEmojiCell.h; sourceTree = "<group>"; };
		327A02231987542200DF27BC /* MEMEmojiCell.m */ = {isa = PBXFileReference; fileEncoding = 4; lastKnownFileType = sourcecode.c.objc; path = MEMEmojiCell.m; sourceTree = "<group>"; };
		328F63A019D5220F0010CF1C /* MESectionsManager.h */ = {isa = PBXFileReference; fileEncoding = 4; lastKnownFileType = sourcecode.c.h; path = MESectionsManager.h; sourceTree = "<group>"; };
		328F63A119D5220F0010CF1C /* MESectionsManager.m */ = {isa = PBXFileReference; fileEncoding = 4; lastKnownFileType = sourcecode.c.objc; path = MESectionsManager.m; sourceTree = "<group>"; };
		328F63A319D5333F0010CF1C /* MECaptureButton.h */ = {isa = PBXFileReference; fileEncoding = 4; lastKnownFileType = sourcecode.c.h; path = MECaptureButton.h; sourceTree = "<group>"; };
		328F63A419D5333F0010CF1C /* MECaptureButton.m */ = {isa = PBXFileReference; fileEncoding = 4; lastKnownFileType = sourcecode.c.objc; path = MECaptureButton.m; sourceTree = "<group>"; };
		328F63A619D561CD0010CF1C /* MEShareView.h */ = {isa = PBXFileReference; fileEncoding = 4; lastKnownFileType = sourcecode.c.h; path = MEShareView.h; sourceTree = "<group>"; };
		328F63A719D561CD0010CF1C /* MEShareView.m */ = {isa = PBXFileReference; fileEncoding = 4; lastKnownFileType = sourcecode.c.objc; path = MEShareView.m; sourceTree = "<group>"; };
		329B189819D4E526002B42BF /* MESectionHeaderView.h */ = {isa = PBXFileReference; fileEncoding = 4; lastKnownFileType = sourcecode.c.h; path = MESectionHeaderView.h; sourceTree = "<group>"; };
		329B189919D4E526002B42BF /* MESectionHeaderView.m */ = {isa = PBXFileReference; fileEncoding = 4; lastKnownFileType = sourcecode.c.objc; path = MESectionHeaderView.m; sourceTree = "<group>"; };
		32A93849199BE59E00125DA8 /* MEModel.h */ = {isa = PBXFileReference; fileEncoding = 4; lastKnownFileType = sourcecode.c.h; path = MEModel.h; sourceTree = "<group>"; };
		32A9384A199BE59E00125DA8 /* MEModel.m */ = {isa = PBXFileReference; fileEncoding = 4; lastKnownFileType = sourcecode.c.objc; path = MEModel.m; sourceTree = "<group>"; };
		32D0E8F719C8E2E8006D8804 /* Model 6.xcdatamodel */ = {isa = PBXFileReference; lastKnownFileType = wrapper.xcdatamodel; path = "Model 6.xcdatamodel"; sourceTree = "<group>"; };
		32DD888219870B44008E8BCE /* MEmoji.app */ = {isa = PBXFileReference; explicitFileType = wrapper.application; includeInIndex = 0; path = MEmoji.app; sourceTree = BUILT_PRODUCTS_DIR; };
		32DD888519870B44008E8BCE /* Foundation.framework */ = {isa = PBXFileReference; lastKnownFileType = wrapper.framework; name = Foundation.framework; path = System/Library/Frameworks/Foundation.framework; sourceTree = SDKROOT; };
		32DD888719870B44008E8BCE /* CoreGraphics.framework */ = {isa = PBXFileReference; lastKnownFileType = wrapper.framework; name = CoreGraphics.framework; path = System/Library/Frameworks/CoreGraphics.framework; sourceTree = SDKROOT; };
		32DD888919870B44008E8BCE /* UIKit.framework */ = {isa = PBXFileReference; lastKnownFileType = wrapper.framework; name = UIKit.framework; path = System/Library/Frameworks/UIKit.framework; sourceTree = SDKROOT; };
		32DD888D19870B44008E8BCE /* MEmoji-Info.plist */ = {isa = PBXFileReference; lastKnownFileType = text.plist.xml; path = "MEmoji-Info.plist"; sourceTree = "<group>"; };
		32DD888F19870B44008E8BCE /* en */ = {isa = PBXFileReference; lastKnownFileType = text.plist.strings; name = en; path = en.lproj/InfoPlist.strings; sourceTree = "<group>"; };
		32DD889119870B44008E8BCE /* main.m */ = {isa = PBXFileReference; lastKnownFileType = sourcecode.c.objc; path = main.m; sourceTree = "<group>"; };
		32DD889319870B44008E8BCE /* MEmoji-Prefix.pch */ = {isa = PBXFileReference; lastKnownFileType = sourcecode.c.h; path = "MEmoji-Prefix.pch"; sourceTree = "<group>"; };
		32DD889419870B44008E8BCE /* MEAppDelegate.h */ = {isa = PBXFileReference; lastKnownFileType = sourcecode.c.h; path = MEAppDelegate.h; sourceTree = "<group>"; };
		32DD889519870B44008E8BCE /* MEAppDelegate.m */ = {isa = PBXFileReference; lastKnownFileType = sourcecode.c.objc; path = MEAppDelegate.m; sourceTree = "<group>"; };
		32DD889819870B44008E8BCE /* Base */ = {isa = PBXFileReference; lastKnownFileType = file.storyboard; name = Base; path = Base.lproj/Main_iPhone.storyboard; sourceTree = "<group>"; };
		32DD889D19870B44008E8BCE /* MEViewController.h */ = {isa = PBXFileReference; lastKnownFileType = sourcecode.c.h; path = MEViewController.h; sourceTree = "<group>"; };
		32DD889E19870B44008E8BCE /* MEViewController.m */ = {isa = PBXFileReference; lastKnownFileType = sourcecode.c.objc; path = MEViewController.m; sourceTree = "<group>"; };
		32DD88A019870B44008E8BCE /* Images.xcassets */ = {isa = PBXFileReference; lastKnownFileType = folder.assetcatalog; path = Images.xcassets; sourceTree = "<group>"; };
		32DD88A619870B44008E8BCE /* MEmojiTests.xctest */ = {isa = PBXFileReference; explicitFileType = wrapper.cfbundle; includeInIndex = 0; path = MEmojiTests.xctest; sourceTree = BUILT_PRODUCTS_DIR; };
		32DD88A719870B44008E8BCE /* XCTest.framework */ = {isa = PBXFileReference; lastKnownFileType = wrapper.framework; name = XCTest.framework; path = Library/Frameworks/XCTest.framework; sourceTree = DEVELOPER_DIR; };
		32DD88AF19870B44008E8BCE /* MEmojiTests-Info.plist */ = {isa = PBXFileReference; lastKnownFileType = text.plist.xml; path = "MEmojiTests-Info.plist"; sourceTree = "<group>"; };
		32DD88B119870B44008E8BCE /* en */ = {isa = PBXFileReference; lastKnownFileType = text.plist.strings; name = en; path = en.lproj/InfoPlist.strings; sourceTree = "<group>"; };
		32DD88B319870B44008E8BCE /* MEmojiTests.m */ = {isa = PBXFileReference; lastKnownFileType = sourcecode.c.objc; path = MEmojiTests.m; sourceTree = "<group>"; };
		32EFAB9C19DCE5AC00D0051F /* Launch Screen.xib */ = {isa = PBXFileReference; fileEncoding = 4; lastKnownFileType = file.xib; name = "Launch Screen.xib"; path = "../Launch Screen.xib"; sourceTree = "<group>"; };
		32F7526419874FEA00045AFA /* Model.xcdatamodel */ = {isa = PBXFileReference; lastKnownFileType = wrapper.xcdatamodel; path = Model.xcdatamodel; sourceTree = "<group>"; };
		32F752661987513000045AFA /* Image.h */ = {isa = PBXFileReference; fileEncoding = 4; lastKnownFileType = sourcecode.c.h; path = Image.h; sourceTree = "<group>"; };
		32F752671987513000045AFA /* Image.m */ = {isa = PBXFileReference; fileEncoding = 4; lastKnownFileType = sourcecode.c.objc; path = Image.m; sourceTree = "<group>"; };
		32F8343F19B8F4230078FAAE /* Model 2.xcdatamodel */ = {isa = PBXFileReference; lastKnownFileType = wrapper.xcdatamodel; path = "Model 2.xcdatamodel"; sourceTree = "<group>"; };
		44D715BB95BC35D25908B3A1 /* Pods-MEmoji.release.xcconfig */ = {isa = PBXFileReference; includeInIndex = 1; lastKnownFileType = text.xcconfig; name = "Pods-MEmoji.release.xcconfig"; path = "Pods/Target Support Files/Pods-MEmoji/Pods-MEmoji.release.xcconfig"; sourceTree = "<group>"; };
		67E171B79A82CDFAFBD5200A /* Pods-MEmoji.debug.xcconfig */ = {isa = PBXFileReference; includeInIndex = 1; lastKnownFileType = text.xcconfig; name = "Pods-MEmoji.debug.xcconfig"; path = "Pods/Target Support Files/Pods-MEmoji/Pods-MEmoji.debug.xcconfig"; sourceTree = "<group>"; };
		BA0BFE5DBE1C4B67A21DB372 /* libPods-MEmoji.a */ = {isa = PBXFileReference; explicitFileType = archive.ar; includeInIndex = 0; path = "libPods-MEmoji.a"; sourceTree = BUILT_PRODUCTS_DIR; };
/* End PBXFileReference section */

/* Begin PBXFrameworksBuildPhase section */
		32DD887F19870B44008E8BCE /* Frameworks */ = {
			isa = PBXFrameworksBuildPhase;
			buildActionMask = 2147483647;
			files = (
				32DD888819870B44008E8BCE /* CoreGraphics.framework in Frameworks */,
				32DD888A19870B44008E8BCE /* UIKit.framework in Frameworks */,
				32DD888619870B44008E8BCE /* Foundation.framework in Frameworks */,
				B70966644BFC49138AC4B007 /* libPods-MEmoji.a in Frameworks */,
			);
			runOnlyForDeploymentPostprocessing = 0;
		};
		32DD88A319870B44008E8BCE /* Frameworks */ = {
			isa = PBXFrameworksBuildPhase;
			buildActionMask = 2147483647;
			files = (
				32DD88A819870B44008E8BCE /* XCTest.framework in Frameworks */,
				32DD88AA19870B44008E8BCE /* UIKit.framework in Frameworks */,
				32DD88A919870B44008E8BCE /* Foundation.framework in Frameworks */,
			);
			runOnlyForDeploymentPostprocessing = 0;
		};
/* End PBXFrameworksBuildPhase section */

/* Begin PBXGroup section */
		2109F77D9F51CDC01FED1EBD /* Pods */ = {
			isa = PBXGroup;
			children = (
				67E171B79A82CDFAFBD5200A /* Pods-MEmoji.debug.xcconfig */,
				44D715BB95BC35D25908B3A1 /* Pods-MEmoji.release.xcconfig */,
			);
			name = Pods;
			sourceTree = "<group>";
		};
		3212C2A619C77717007ED774 /* Cells */ = {
			isa = PBXGroup;
			children = (
				327A02221987542200DF27BC /* MEMEmojiCell.h */,
				327A02231987542200DF27BC /* MEMEmojiCell.m */,
				3218C80C19C7691C0035B7BA /* MEOverlayCell.h */,
				3218C80D19C7691C0035B7BA /* MEOverlayCell.m */,
			);
			name = Cells;
			sourceTree = "<group>";
		};
		32DD887919870B44008E8BCE = {
			isa = PBXGroup;
			children = (
				32DD888B19870B44008E8BCE /* MEmoji */,
				32DD88AD19870B44008E8BCE /* MEmojiTests */,
				32DD888419870B44008E8BCE /* Frameworks */,
				32DD888319870B44008E8BCE /* Products */,
				2109F77D9F51CDC01FED1EBD /* Pods */,
			);
			sourceTree = "<group>";
		};
		32DD888319870B44008E8BCE /* Products */ = {
			isa = PBXGroup;
			children = (
				32DD888219870B44008E8BCE /* MEmoji.app */,
				32DD88A619870B44008E8BCE /* MEmojiTests.xctest */,
			);
			name = Products;
			sourceTree = "<group>";
		};
		32DD888419870B44008E8BCE /* Frameworks */ = {
			isa = PBXGroup;
			children = (
				324211C519B7E43800F0B74E /* ImageIO.framework */,
				32DD888519870B44008E8BCE /* Foundation.framework */,
				32DD888719870B44008E8BCE /* CoreGraphics.framework */,
				32DD888919870B44008E8BCE /* UIKit.framework */,
				32DD88A719870B44008E8BCE /* XCTest.framework */,
				BA0BFE5DBE1C4B67A21DB372 /* libPods-MEmoji.a */,
			);
			name = Frameworks;
			sourceTree = "<group>";
		};
		32DD888B19870B44008E8BCE /* MEmoji */ = {
			isa = PBXGroup;
			children = (
				32DD889419870B44008E8BCE /* MEAppDelegate.h */,
				32DD889519870B44008E8BCE /* MEAppDelegate.m */,
				32DD889719870B44008E8BCE /* Main_iPhone.storyboard */,
				32EFAB9C19DCE5AC00D0051F /* Launch Screen.xib */,
				32DD889D19870B44008E8BCE /* MEViewController.h */,
				32DD889E19870B44008E8BCE /* MEViewController.m */,
				328F63A019D5220F0010CF1C /* MESectionsManager.h */,
				328F63A119D5220F0010CF1C /* MESectionsManager.m */,
				329B189819D4E526002B42BF /* MESectionHeaderView.h */,
				329B189919D4E526002B42BF /* MESectionHeaderView.m */,
				325C9CA619D61E4B00E426E9 /* MEViewFinder.h */,
				325C9CA719D61E4B00E426E9 /* MEViewFinder.m */,
				328F63A319D5333F0010CF1C /* MECaptureButton.h */,
				328F63A419D5333F0010CF1C /* MECaptureButton.m */,
				328F63A619D561CD0010CF1C /* MEShareView.h */,
				328F63A719D561CD0010CF1C /* MEShareView.m */,
				32F752691987514300045AFA /* Model */,
				3212C2A619C77717007ED774 /* Cells */,
				32DD88A019870B44008E8BCE /* Images.xcassets */,
				3201656B19D225CE00B3ECB1 /* Accessories.xcassets */,
				32DD888C19870B44008E8BCE /* Supporting Files */,
			);
			path = MEmoji;
			sourceTree = "<group>";
		};
		32DD888C19870B44008E8BCE /* Supporting Files */ = {
			isa = PBXGroup;
			children = (
				32DD888D19870B44008E8BCE /* MEmoji-Info.plist */,
				32DD888E19870B44008E8BCE /* InfoPlist.strings */,
				32DD889119870B44008E8BCE /* main.m */,
				32DD889319870B44008E8BCE /* MEmoji-Prefix.pch */,
			);
			name = "Supporting Files";
			sourceTree = "<group>";
		};
		32DD88AD19870B44008E8BCE /* MEmojiTests */ = {
			isa = PBXGroup;
			children = (
				32DD88B319870B44008E8BCE /* MEmojiTests.m */,
				32DD88AE19870B44008E8BCE /* Supporting Files */,
			);
			path = MEmojiTests;
			sourceTree = "<group>";
		};
		32DD88AE19870B44008E8BCE /* Supporting Files */ = {
			isa = PBXGroup;
			children = (
				32DD88AF19870B44008E8BCE /* MEmojiTests-Info.plist */,
				32DD88B019870B44008E8BCE /* InfoPlist.strings */,
			);
			name = "Supporting Files";
			sourceTree = "<group>";
		};
		32F752691987514300045AFA /* Model */ = {
			isa = PBXGroup;
			children = (
				32F7526319874FEA00045AFA /* Model.xcdatamodeld */,
				32A93849199BE59E00125DA8 /* MEModel.h */,
				32A9384A199BE59E00125DA8 /* MEModel.m */,
				32F752661987513000045AFA /* Image.h */,
				32F752671987513000045AFA /* Image.m */,
				3226033519D1F4F00082625F /* MEOverlayImage.h */,
				3226033619D1F4F00082625F /* MEOverlayImage.m */,
				325C434A19CA7F8400C93DCC /* CEMovieMaker.h */,
				325C434B19CA7F8400C93DCC /* CEMovieMaker.m */,
			);
			name = Model;
			sourceTree = "<group>";
		};
/* End PBXGroup section */

/* Begin PBXNativeTarget section */
		32DD888119870B44008E8BCE /* MEmoji */ = {
			isa = PBXNativeTarget;
			buildConfigurationList = 32DD88B719870B44008E8BCE /* Build configuration list for PBXNativeTarget "MEmoji" */;
			buildPhases = (
				790A48745724412D88DC492A /* Check Pods Manifest.lock */,
				32DD887E19870B44008E8BCE /* Sources */,
				32DD887F19870B44008E8BCE /* Frameworks */,
				32DD888019870B44008E8BCE /* Resources */,
				C6552BDD0D8D4118B98CE1D6 /* Copy Pods Resources */,
			);
			buildRules = (
			);
			dependencies = (
			);
			name = MEmoji;
			productName = MEmoji;
			productReference = 32DD888219870B44008E8BCE /* MEmoji.app */;
			productType = "com.apple.product-type.application";
		};
		32DD88A519870B44008E8BCE /* MEmojiTests */ = {
			isa = PBXNativeTarget;
			buildConfigurationList = 32DD88BA19870B44008E8BCE /* Build configuration list for PBXNativeTarget "MEmojiTests" */;
			buildPhases = (
				32DD88A219870B44008E8BCE /* Sources */,
				32DD88A319870B44008E8BCE /* Frameworks */,
				32DD88A419870B44008E8BCE /* Resources */,
			);
			buildRules = (
			);
			dependencies = (
				32DD88AC19870B44008E8BCE /* PBXTargetDependency */,
			);
			name = MEmojiTests;
			productName = MEmojiTests;
			productReference = 32DD88A619870B44008E8BCE /* MEmojiTests.xctest */;
			productType = "com.apple.product-type.bundle.unit-test";
		};
/* End PBXNativeTarget section */

/* Begin PBXProject section */
		32DD887A19870B44008E8BCE /* Project object */ = {
			isa = PBXProject;
			attributes = {
				CLASSPREFIX = ME;
				LastUpgradeCheck = 0510;
				ORGANIZATIONNAME = "Lucky Bunny LLC";
				TargetAttributes = {
					32DD888119870B44008E8BCE = {
						DevelopmentTeam = 842K77RHSG;
					};
					32DD88A519870B44008E8BCE = {
						TestTargetID = 32DD888119870B44008E8BCE;
					};
				};
			};
			buildConfigurationList = 32DD887D19870B44008E8BCE /* Build configuration list for PBXProject "MEmoji" */;
			compatibilityVersion = "Xcode 3.2";
			developmentRegion = English;
			hasScannedForEncodings = 0;
			knownRegions = (
				en,
				Base,
			);
			mainGroup = 32DD887919870B44008E8BCE;
			productRefGroup = 32DD888319870B44008E8BCE /* Products */;
			projectDirPath = "";
			projectRoot = "";
			targets = (
				32DD888119870B44008E8BCE /* MEmoji */,
				32DD88A519870B44008E8BCE /* MEmojiTests */,
			);
		};
/* End PBXProject section */

/* Begin PBXResourcesBuildPhase section */
		32DD888019870B44008E8BCE /* Resources */ = {
			isa = PBXResourcesBuildPhase;
			buildActionMask = 2147483647;
			files = (
				3201656C19D225CE00B3ECB1 /* Accessories.xcassets in Resources */,
				32DD88A119870B44008E8BCE /* Images.xcassets in Resources */,
				32DD889919870B44008E8BCE /* Main_iPhone.storyboard in Resources */,
				32DD889019870B44008E8BCE /* InfoPlist.strings in Resources */,
				32EFAB9D19DCE5AC00D0051F /* Launch Screen.xib in Resources */,
			);
			runOnlyForDeploymentPostprocessing = 0;
		};
		32DD88A419870B44008E8BCE /* Resources */ = {
			isa = PBXResourcesBuildPhase;
			buildActionMask = 2147483647;
			files = (
				32DD88B219870B44008E8BCE /* InfoPlist.strings in Resources */,
			);
			runOnlyForDeploymentPostprocessing = 0;
		};
/* End PBXResourcesBuildPhase section */

/* Begin PBXShellScriptBuildPhase section */
		790A48745724412D88DC492A /* Check Pods Manifest.lock */ = {
			isa = PBXShellScriptBuildPhase;
			buildActionMask = 2147483647;
			files = (
			);
			inputPaths = (
			);
			name = "Check Pods Manifest.lock";
			outputPaths = (
			);
			runOnlyForDeploymentPostprocessing = 0;
			shellPath = /bin/sh;
			shellScript = "diff \"${PODS_ROOT}/../Podfile.lock\" \"${PODS_ROOT}/Manifest.lock\" > /dev/null\nif [[ $? != 0 ]] ; then\n    cat << EOM\nerror: The sandbox is not in sync with the Podfile.lock. Run 'pod install' or update your CocoaPods installation.\nEOM\n    exit 1\nfi\n";
			showEnvVarsInLog = 0;
		};
		C6552BDD0D8D4118B98CE1D6 /* Copy Pods Resources */ = {
			isa = PBXShellScriptBuildPhase;
			buildActionMask = 2147483647;
			files = (
			);
			inputPaths = (
			);
			name = "Copy Pods Resources";
			outputPaths = (
			);
			runOnlyForDeploymentPostprocessing = 0;
			shellPath = /bin/sh;
			shellScript = "\"${SRCROOT}/Pods/Target Support Files/Pods-MEmoji/Pods-MEmoji-resources.sh\"\n";
			showEnvVarsInLog = 0;
		};
/* End PBXShellScriptBuildPhase section */

/* Begin PBXSourcesBuildPhase section */
		32DD887E19870B44008E8BCE /* Sources */ = {
			isa = PBXSourcesBuildPhase;
			buildActionMask = 2147483647;
			files = (
				328F63A519D5333F0010CF1C /* MECaptureButton.m in Sources */,
				327A02241987542200DF27BC /* MEMEmojiCell.m in Sources */,
				3226033719D1F4F00082625F /* MEOverlayImage.m in Sources */,
				329B189A19D4E526002B42BF /* MESectionHeaderView.m in Sources */,
				3218C80E19C7691C0035B7BA /* MEOverlayCell.m in Sources */,
				325C9CA819D61E4B00E426E9 /* MEViewFinder.m in Sources */,
				32DD889619870B44008E8BCE /* MEAppDelegate.m in Sources */,
				328F63A819D561CD0010CF1C /* MEShareView.m in Sources */,
				32DD889F19870B44008E8BCE /* MEViewController.m in Sources */,
				32DD889219870B44008E8BCE /* main.m in Sources */,
				32F7526519874FEA00045AFA /* Model.xcdatamodeld in Sources */,
				325C434C19CA7F8400C93DCC /* CEMovieMaker.m in Sources */,
				32F752681987513000045AFA /* Image.m in Sources */,
				328F63A219D5220F0010CF1C /* MESectionsManager.m in Sources */,
				32A9384B199BE59E00125DA8 /* MEModel.m in Sources */,
			);
			runOnlyForDeploymentPostprocessing = 0;
		};
		32DD88A219870B44008E8BCE /* Sources */ = {
			isa = PBXSourcesBuildPhase;
			buildActionMask = 2147483647;
			files = (
				32DD88B419870B44008E8BCE /* MEmojiTests.m in Sources */,
			);
			runOnlyForDeploymentPostprocessing = 0;
		};
/* End PBXSourcesBuildPhase section */

/* Begin PBXTargetDependency section */
		32DD88AC19870B44008E8BCE /* PBXTargetDependency */ = {
			isa = PBXTargetDependency;
			target = 32DD888119870B44008E8BCE /* MEmoji */;
			targetProxy = 32DD88AB19870B44008E8BCE /* PBXContainerItemProxy */;
		};
/* End PBXTargetDependency section */

/* Begin PBXVariantGroup section */
		32DD888E19870B44008E8BCE /* InfoPlist.strings */ = {
			isa = PBXVariantGroup;
			children = (
				32DD888F19870B44008E8BCE /* en */,
			);
			name = InfoPlist.strings;
			sourceTree = "<group>";
		};
		32DD889719870B44008E8BCE /* Main_iPhone.storyboard */ = {
			isa = PBXVariantGroup;
			children = (
				32DD889819870B44008E8BCE /* Base */,
			);
			name = Main_iPhone.storyboard;
			sourceTree = "<group>";
		};
		32DD88B019870B44008E8BCE /* InfoPlist.strings */ = {
			isa = PBXVariantGroup;
			children = (
				32DD88B119870B44008E8BCE /* en */,
			);
			name = InfoPlist.strings;
			sourceTree = "<group>";
		};
/* End PBXVariantGroup section */

/* Begin XCBuildConfiguration section */
		32DD88B519870B44008E8BCE /* Debug */ = {
			isa = XCBuildConfiguration;
			buildSettings = {
				ALWAYS_SEARCH_USER_PATHS = NO;
				CLANG_CXX_LANGUAGE_STANDARD = "gnu++0x";
				CLANG_CXX_LIBRARY = "libc++";
				CLANG_ENABLE_MODULES = YES;
				CLANG_ENABLE_OBJC_ARC = YES;
				CLANG_WARN_BOOL_CONVERSION = YES;
				CLANG_WARN_CONSTANT_CONVERSION = YES;
				CLANG_WARN_DIRECT_OBJC_ISA_USAGE = YES_ERROR;
				CLANG_WARN_EMPTY_BODY = YES;
				CLANG_WARN_ENUM_CONVERSION = YES;
				CLANG_WARN_INT_CONVERSION = YES;
				CLANG_WARN_OBJC_ROOT_CLASS = YES_ERROR;
				CLANG_WARN__DUPLICATE_METHOD_MATCH = YES;
				"CODE_SIGN_IDENTITY[sdk=iphoneos*]" = "iPhone Developer";
				COPY_PHASE_STRIP = NO;
				GCC_C_LANGUAGE_STANDARD = gnu99;
				GCC_DYNAMIC_NO_PIC = NO;
				GCC_OPTIMIZATION_LEVEL = 0;
				GCC_PREPROCESSOR_DEFINITIONS = (
					"DEBUG=1",
					"$(inherited)",
				);
				GCC_SYMBOLS_PRIVATE_EXTERN = NO;
				GCC_WARN_64_TO_32_BIT_CONVERSION = YES;
				GCC_WARN_ABOUT_RETURN_TYPE = YES_ERROR;
				GCC_WARN_UNDECLARED_SELECTOR = YES;
				GCC_WARN_UNINITIALIZED_AUTOS = YES_AGGRESSIVE;
				GCC_WARN_UNUSED_FUNCTION = YES;
				GCC_WARN_UNUSED_VARIABLE = YES;
				IPHONEOS_DEPLOYMENT_TARGET = 7.1;
				ONLY_ACTIVE_ARCH = YES;
				SDKROOT = iphoneos;
				TARGETED_DEVICE_FAMILY = "1,2";
			};
			name = Debug;
		};
		32DD88B619870B44008E8BCE /* Release */ = {
			isa = XCBuildConfiguration;
			buildSettings = {
				ALWAYS_SEARCH_USER_PATHS = NO;
				CLANG_CXX_LANGUAGE_STANDARD = "gnu++0x";
				CLANG_CXX_LIBRARY = "libc++";
				CLANG_ENABLE_MODULES = YES;
				CLANG_ENABLE_OBJC_ARC = YES;
				CLANG_WARN_BOOL_CONVERSION = YES;
				CLANG_WARN_CONSTANT_CONVERSION = YES;
				CLANG_WARN_DIRECT_OBJC_ISA_USAGE = YES_ERROR;
				CLANG_WARN_EMPTY_BODY = YES;
				CLANG_WARN_ENUM_CONVERSION = YES;
				CLANG_WARN_INT_CONVERSION = YES;
				CLANG_WARN_OBJC_ROOT_CLASS = YES_ERROR;
				CLANG_WARN__DUPLICATE_METHOD_MATCH = YES;
				"CODE_SIGN_IDENTITY[sdk=iphoneos*]" = "iPhone Developer";
				COPY_PHASE_STRIP = YES;
				ENABLE_NS_ASSERTIONS = NO;
				GCC_C_LANGUAGE_STANDARD = gnu99;
				GCC_WARN_64_TO_32_BIT_CONVERSION = YES;
				GCC_WARN_ABOUT_RETURN_TYPE = YES_ERROR;
				GCC_WARN_UNDECLARED_SELECTOR = YES;
				GCC_WARN_UNINITIALIZED_AUTOS = YES_AGGRESSIVE;
				GCC_WARN_UNUSED_FUNCTION = YES;
				GCC_WARN_UNUSED_VARIABLE = YES;
				IPHONEOS_DEPLOYMENT_TARGET = 7.1;
				SDKROOT = iphoneos;
				TARGETED_DEVICE_FAMILY = "1,2";
				VALIDATE_PRODUCT = YES;
			};
			name = Release;
		};
		32DD88B819870B44008E8BCE /* Debug */ = {
			isa = XCBuildConfiguration;
			baseConfigurationReference = 67E171B79A82CDFAFBD5200A /* Pods-MEmoji.debug.xcconfig */;
			buildSettings = {
				ASSETCATALOG_COMPILER_APPICON_NAME = AppIcon;
				CLANG_ENABLE_MODULES = YES;
				CODE_SIGN_IDENTITY = "iPhone Developer";
				GCC_PRECOMPILE_PREFIX_HEADER = YES;
				GCC_PREFIX_HEADER = "MEmoji/MEmoji-Prefix.pch";
				INFOPLIST_FILE = "MEmoji/MEmoji-Info.plist";
				IPHONEOS_DEPLOYMENT_TARGET = 7.1;
				LD_RUNPATH_SEARCH_PATHS = "$(inherited) @executable_path/Frameworks";
				PRODUCT_NAME = "$(TARGET_NAME)";
				SWIFT_OBJC_BRIDGING_HEADER = "MEmoji/MEmoji-Bridging-Header.h";
				SWIFT_OPTIMIZATION_LEVEL = "-Onone";
				WRAPPER_EXTENSION = app;
			};
			name = Debug;
		};
		32DD88B919870B44008E8BCE /* Release */ = {
			isa = XCBuildConfiguration;
			baseConfigurationReference = 44D715BB95BC35D25908B3A1 /* Pods-MEmoji.release.xcconfig */;
			buildSettings = {
				ASSETCATALOG_COMPILER_APPICON_NAME = AppIcon;
				CLANG_ENABLE_MODULES = YES;
				CODE_SIGN_IDENTITY = "iPhone Developer";
				GCC_PRECOMPILE_PREFIX_HEADER = YES;
				GCC_PREFIX_HEADER = "MEmoji/MEmoji-Prefix.pch";
				INFOPLIST_FILE = "MEmoji/MEmoji-Info.plist";
				IPHONEOS_DEPLOYMENT_TARGET = 7.1;
				LD_RUNPATH_SEARCH_PATHS = "$(inherited) @executable_path/Frameworks";
				PRODUCT_NAME = "$(TARGET_NAME)";
				SWIFT_OBJC_BRIDGING_HEADER = "MEmoji/MEmoji-Bridging-Header.h";
				WRAPPER_EXTENSION = app;
			};
			name = Release;
		};
		32DD88BB19870B44008E8BCE /* Debug */ = {
			isa = XCBuildConfiguration;
			buildSettings = {
				BUNDLE_LOADER = "$(BUILT_PRODUCTS_DIR)/MEmoji.app/MEmoji";
				FRAMEWORK_SEARCH_PATHS = (
					"$(SDKROOT)/Developer/Library/Frameworks",
					"$(inherited)",
					"$(DEVELOPER_FRAMEWORKS_DIR)",
				);
				GCC_PRECOMPILE_PREFIX_HEADER = YES;
				GCC_PREFIX_HEADER = "MEmoji/MEmoji-Prefix.pch";
				GCC_PREPROCESSOR_DEFINITIONS = (
					"DEBUG=1",
					"$(inherited)",
				);
				INFOPLIST_FILE = "MEmojiTests/MEmojiTests-Info.plist";
				PRODUCT_NAME = "$(TARGET_NAME)";
				TEST_HOST = "$(BUNDLE_LOADER)";
				WRAPPER_EXTENSION = xctest;
			};
			name = Debug;
		};
		32DD88BC19870B44008E8BCE /* Release */ = {
			isa = XCBuildConfiguration;
			buildSettings = {
				BUNDLE_LOADER = "$(BUILT_PRODUCTS_DIR)/MEmoji.app/MEmoji";
				FRAMEWORK_SEARCH_PATHS = (
					"$(SDKROOT)/Developer/Library/Frameworks",
					"$(inherited)",
					"$(DEVELOPER_FRAMEWORKS_DIR)",
				);
				GCC_PRECOMPILE_PREFIX_HEADER = YES;
				GCC_PREFIX_HEADER = "MEmoji/MEmoji-Prefix.pch";
				INFOPLIST_FILE = "MEmojiTests/MEmojiTests-Info.plist";
				PRODUCT_NAME = "$(TARGET_NAME)";
				TEST_HOST = "$(BUNDLE_LOADER)";
				WRAPPER_EXTENSION = xctest;
			};
			name = Release;
		};
/* End XCBuildConfiguration section */

/* Begin XCConfigurationList section */
		32DD887D19870B44008E8BCE /* Build configuration list for PBXProject "MEmoji" */ = {
			isa = XCConfigurationList;
			buildConfigurations = (
				32DD88B519870B44008E8BCE /* Debug */,
				32DD88B619870B44008E8BCE /* Release */,
			);
			defaultConfigurationIsVisible = 0;
			defaultConfigurationName = Release;
		};
		32DD88B719870B44008E8BCE /* Build configuration list for PBXNativeTarget "MEmoji" */ = {
			isa = XCConfigurationList;
			buildConfigurations = (
				32DD88B819870B44008E8BCE /* Debug */,
				32DD88B919870B44008E8BCE /* Release */,
			);
			defaultConfigurationIsVisible = 0;
			defaultConfigurationName = Release;
		};
		32DD88BA19870B44008E8BCE /* Build configuration list for PBXNativeTarget "MEmojiTests" */ = {
			isa = XCConfigurationList;
			buildConfigurations = (
				32DD88BB19870B44008E8BCE /* Debug */,
				32DD88BC19870B44008E8BCE /* Release */,
			);
			defaultConfigurationIsVisible = 0;
			defaultConfigurationName = Release;
		};
/* End XCConfigurationList section */

/* Begin XCVersionGroup section */
		32F7526319874FEA00045AFA /* Model.xcdatamodeld */ = {
			isa = XCVersionGroup;
			children = (
				32D0E8F719C8E2E8006D8804 /* Model 6.xcdatamodel */,
				32F8343F19B8F4230078FAAE /* Model 2.xcdatamodel */,
				3278916219BA6D9B0050F57C /* Model 3.xcdatamodel */,
				3216CABD19BD61B7007F3D46 /* Model 4.xcdatamodel */,
				3218C80B19C757BD0035B7BA /* Model 5.xcdatamodel */,
				32F7526419874FEA00045AFA /* Model.xcdatamodel */,
			);
			currentVersion = 32D0E8F719C8E2E8006D8804 /* Model 6.xcdatamodel */;
			path = Model.xcdatamodeld;
			sourceTree = "<group>";
			versionGroupType = wrapper.xcdatamodel;
		};
/* End XCVersionGroup section */
	};
	rootObject = 32DD887A19870B44008E8BCE /* Project object */;
}
